
Microsoft Visual Studio Solution File, Format Version 12.00
# Visual Studio Version 17
VisualStudioVersion = 17.0.31919.166
MinimumVisualStudioVersion = 10.0.40219.1
Project("{FAE04EC0-301F-11D3-BF4B-00C04F79EFBC}") = "net WebCore trials", "net WebCore trials\net WebCore trials.csproj", "{CEAD1FFB-1255-45E6-8463-3D7553AF3198}"
EndProject
Global
	GlobalSection(SolutionConfigurationPlatforms) = preSolution
		Debug|Any CPU = Debug|Any CPU
		Release|Any CPU = Release|Any CPU
	EndGlobalSection
	GlobalSection(ProjectConfigurationPlatforms) = postSolution
		{CEAD1FFB-1255-45E6-8463-3D7553AF3198}.Debug|Any CPU.ActiveCfg = Debug|Any CPU
		{CEAD1FFB-1255-45E6-8463-3D7553AF3198}.Debug|Any CPU.Build.0 = Debug|Any CPU
		{CEAD1FFB-1255-45E6-8463-3D7553AF3198}.Release|Any CPU.ActiveCfg = Release|Any CPU
		{CEAD1FFB-1255-45E6-8463-3D7553AF3198}.Release|Any CPU.Build.0 = Release|Any CPU
	EndGlobalSection
	GlobalSection(SolutionProperties) = preSolution
		HideSolutionNode = FALSE
	EndGlobalSection
	GlobalSection(ExtensibilityGlobals) = postSolution
		SolutionGuid = {FA156248-FFB3-4D03-9DA1-D141056010DB}
	EndGlobalSection
EndGlobal
